// !$*UTF8*$!
{
	archiveVersion = 1;
	classes = {
	};
	objectVersion = 46;
	objects = {

/* Begin PBXBuildFile section */
		730630091E8FE4A600556534 /* AppDelegate.swift in Sources */ = {isa = PBXBuildFile; fileRef = 730630081E8FE4A600556534 /* AppDelegate.swift */; };
		7306300D1E8FE4A600556534 /* Assets.xcassets in Resources */ = {isa = PBXBuildFile; fileRef = 7306300C1E8FE4A600556534 /* Assets.xcassets */; };
		7306301E1E8FE67200556534 /* main.swift in Sources */ = {isa = PBXBuildFile; fileRef = 7306301D1E8FE67200556534 /* main.swift */; };
		730630201E8FE7EB00556534 /* functions.swift in Sources */ = {isa = PBXBuildFile; fileRef = 7306301F1E8FE7EB00556534 /* functions.swift */; };
		730630221E8FEA5E00556534 /* constants.swift in Sources */ = {isa = PBXBuildFile; fileRef = 730630211E8FEA5E00556534 /* constants.swift */; };
		730630241E8FECF100556534 /* TomcatManager.swift in Sources */ = {isa = PBXBuildFile; fileRef = 730630231E8FECF100556534 /* TomcatManager.swift */; };
		730630461E9002CB00556534 /* ServiceManagement.framework in Frameworks */ = {isa = PBXBuildFile; fileRef = 730630441E9002C100556534 /* ServiceManagement.framework */; };
		7323EA7E1E9009BB004CCA6A /* AppDelegate.swift in Sources */ = {isa = PBXBuildFile; fileRef = 7323EA7D1E9009BB004CCA6A /* AppDelegate.swift */; };
		7323EA821E9009BB004CCA6A /* Assets.xcassets in Resources */ = {isa = PBXBuildFile; fileRef = 7323EA811E9009BB004CCA6A /* Assets.xcassets */; };
		7323EA851E9009BB004CCA6A /* Main.storyboard in Resources */ = {isa = PBXBuildFile; fileRef = 7323EA831E9009BB004CCA6A /* Main.storyboard */; };
		7323EA8B1E9009FF004CCA6A /* Launcher.app in CopyFiles */ = {isa = PBXBuildFile; fileRef = 7323EA7B1E9009BB004CCA6A /* Launcher.app */; settings = {ATTRIBUTES = (RemoveHeadersOnCopy, ); }; };
		7323EA8C1E900A9F004CCA6A /* constants.swift in Sources */ = {isa = PBXBuildFile; fileRef = 730630211E8FEA5E00556534 /* constants.swift */; };
		7323EA8D1E900B18004CCA6A /* functions.swift in Sources */ = {isa = PBXBuildFile; fileRef = 7306301F1E8FE7EB00556534 /* functions.swift */; };
		733CBB0A1E945490000DAC22 /* PomParsingDelegate.swift in Sources */ = {isa = PBXBuildFile; fileRef = 733CBB091E945490000DAC22 /* PomParsingDelegate.swift */; };
		73808C9E1E92F8DE00F3419C /* functions.m in Sources */ = {isa = PBXBuildFile; fileRef = 73808C9D1E92F8DE00F3419C /* functions.m */; };
		73C68E5D1E902842006C8F9F /* PreferencesController.swift in Sources */ = {isa = PBXBuildFile; fileRef = 73C68E5B1E902842006C8F9F /* PreferencesController.swift */; };
		73C68E5E1E902842006C8F9F /* PreferencesController.xib in Resources */ = {isa = PBXBuildFile; fileRef = 73C68E5C1E902842006C8F9F /* PreferencesController.xib */; };
		73C68E601E902876006C8F9F /* Preferences.swift in Sources */ = {isa = PBXBuildFile; fileRef = 73C68E5F1E902876006C8F9F /* Preferences.swift */; };
		73C68E621E917293006C8F9F /* WebApp.swift in Sources */ = {isa = PBXBuildFile; fileRef = 73C68E611E917293006C8F9F /* WebApp.swift */; };
		960F90F899E72DB2949B3163 /* Pods_Launcher.framework in Frameworks */ = {isa = PBXBuildFile; fileRef = 05F0B74E2A3A9E1A9F8050B0 /* Pods_Launcher.framework */; };
		E27BCFBE980C73D5A066D4C7 /* Pods_TomcatManager.framework in Frameworks */ = {isa = PBXBuildFile; fileRef = 218B35AC161A03824904DF2A /* Pods_TomcatManager.framework */; };
/* End PBXBuildFile section */

/* Begin PBXCopyFilesBuildPhase section */
		7323EA8A1E9009E6004CCA6A /* CopyFiles */ = {
			isa = PBXCopyFilesBuildPhase;
			buildActionMask = 2147483647;
			dstPath = Contents/Library/LoginItems;
			dstSubfolderSpec = 1;
			files = (
				7323EA8B1E9009FF004CCA6A /* Launcher.app in CopyFiles */,
			);
			runOnlyForDeploymentPostprocessing = 0;
		};
/* End PBXCopyFilesBuildPhase section */

/* Begin PBXFileReference section */
		05F0B74E2A3A9E1A9F8050B0 /* Pods_Launcher.framework */ = {isa = PBXFileReference; explicitFileType = wrapper.framework; includeInIndex = 0; path = Pods_Launcher.framework; sourceTree = BUILT_PRODUCTS_DIR; };
		081DD9B7E2BA29ADBE5280FC /* Pods-Launcher.release.xcconfig */ = {isa = PBXFileReference; includeInIndex = 1; lastKnownFileType = text.xcconfig; name = "Pods-Launcher.release.xcconfig"; path = "Pods/Target Support Files/Pods-Launcher/Pods-Launcher.release.xcconfig"; sourceTree = "<group>"; };
		218B35AC161A03824904DF2A /* Pods_TomcatManager.framework */ = {isa = PBXFileReference; explicitFileType = wrapper.framework; includeInIndex = 0; path = Pods_TomcatManager.framework; sourceTree = BUILT_PRODUCTS_DIR; };
		60EB941D694FD52FEDB44BCB /* Pods-TomcatManager.debug.xcconfig */ = {isa = PBXFileReference; includeInIndex = 1; lastKnownFileType = text.xcconfig; name = "Pods-TomcatManager.debug.xcconfig"; path = "Pods/Target Support Files/Pods-TomcatManager/Pods-TomcatManager.debug.xcconfig"; sourceTree = "<group>"; };
		730630051E8FE4A600556534 /* TomcatManager.app */ = {isa = PBXFileReference; explicitFileType = wrapper.application; includeInIndex = 0; path = TomcatManager.app; sourceTree = BUILT_PRODUCTS_DIR; };
		730630081E8FE4A600556534 /* AppDelegate.swift */ = {isa = PBXFileReference; lastKnownFileType = sourcecode.swift; path = AppDelegate.swift; sourceTree = "<group>"; };
		7306300C1E8FE4A600556534 /* Assets.xcassets */ = {isa = PBXFileReference; lastKnownFileType = folder.assetcatalog; path = Assets.xcassets; sourceTree = "<group>"; };
		730630111E8FE4A600556534 /* Info.plist */ = {isa = PBXFileReference; lastKnownFileType = text.plist.xml; path = Info.plist; sourceTree = "<group>"; };
		7306301D1E8FE67200556534 /* main.swift */ = {isa = PBXFileReference; fileEncoding = 4; lastKnownFileType = sourcecode.swift; path = main.swift; sourceTree = "<group>"; };
		7306301F1E8FE7EB00556534 /* functions.swift */ = {isa = PBXFileReference; fileEncoding = 4; lastKnownFileType = sourcecode.swift; path = functions.swift; sourceTree = "<group>"; };
		730630211E8FEA5E00556534 /* constants.swift */ = {isa = PBXFileReference; fileEncoding = 4; lastKnownFileType = sourcecode.swift; path = constants.swift; sourceTree = "<group>"; };
		730630231E8FECF100556534 /* TomcatManager.swift */ = {isa = PBXFileReference; fileEncoding = 4; lastKnownFileType = sourcecode.swift; path = TomcatManager.swift; sourceTree = "<group>"; };
		730630441E9002C100556534 /* ServiceManagement.framework */ = {isa = PBXFileReference; lastKnownFileType = wrapper.framework; name = ServiceManagement.framework; path = System/Library/Frameworks/ServiceManagement.framework; sourceTree = SDKROOT; };
		7323EA7B1E9009BB004CCA6A /* Launcher.app */ = {isa = PBXFileReference; explicitFileType = wrapper.application; includeInIndex = 0; path = Launcher.app; sourceTree = BUILT_PRODUCTS_DIR; };
		7323EA7D1E9009BB004CCA6A /* AppDelegate.swift */ = {isa = PBXFileReference; lastKnownFileType = sourcecode.swift; path = AppDelegate.swift; sourceTree = "<group>"; };
		7323EA811E9009BB004CCA6A /* Assets.xcassets */ = {isa = PBXFileReference; lastKnownFileType = folder.assetcatalog; path = Assets.xcassets; sourceTree = "<group>"; };
		7323EA841E9009BB004CCA6A /* Base */ = {isa = PBXFileReference; lastKnownFileType = file.storyboard; name = Base; path = Base.lproj/Main.storyboard; sourceTree = "<group>"; };
		7323EA861E9009BB004CCA6A /* Info.plist */ = {isa = PBXFileReference; lastKnownFileType = text.plist.xml; path = Info.plist; sourceTree = "<group>"; };
		733CBB091E945490000DAC22 /* PomParsingDelegate.swift */ = {isa = PBXFileReference; fileEncoding = 4; lastKnownFileType = sourcecode.swift; path = PomParsingDelegate.swift; sourceTree = "<group>"; };
		73808C9B1E92F8DD00F3419C /* TomcatManager-Bridging-Header.h */ = {isa = PBXFileReference; lastKnownFileType = sourcecode.c.h; path = "TomcatManager-Bridging-Header.h"; sourceTree = "<group>"; };
		73808C9C1E92F8DE00F3419C /* functions.h */ = {isa = PBXFileReference; fileEncoding = 4; lastKnownFileType = sourcecode.c.h; path = functions.h; sourceTree = "<group>"; };
		73808C9D1E92F8DE00F3419C /* functions.m */ = {isa = PBXFileReference; fileEncoding = 4; lastKnownFileType = sourcecode.c.objc; path = functions.m; sourceTree = "<group>"; };
		73C68E5B1E902842006C8F9F /* PreferencesController.swift */ = {isa = PBXFileReference; fileEncoding = 4; lastKnownFileType = sourcecode.swift; path = PreferencesController.swift; sourceTree = "<group>"; };
		73C68E5C1E902842006C8F9F /* PreferencesController.xib */ = {isa = PBXFileReference; fileEncoding = 4; lastKnownFileType = file.xib; path = PreferencesController.xib; sourceTree = "<group>"; };
		73C68E5F1E902876006C8F9F /* Preferences.swift */ = {isa = PBXFileReference; fileEncoding = 4; lastKnownFileType = sourcecode.swift; path = Preferences.swift; sourceTree = "<group>"; };
		73C68E611E917293006C8F9F /* WebApp.swift */ = {isa = PBXFileReference; fileEncoding = 4; lastKnownFileType = sourcecode.swift; path = WebApp.swift; sourceTree = "<group>"; };
		8C663B22571ABCDFACBD0D5C /* Pods-Launcher.debug.xcconfig */ = {isa = PBXFileReference; includeInIndex = 1; lastKnownFileType = text.xcconfig; name = "Pods-Launcher.debug.xcconfig"; path = "Pods/Target Support Files/Pods-Launcher/Pods-Launcher.debug.xcconfig"; sourceTree = "<group>"; };
		C48C47A886A71A23063DD11C /* Pods-TomcatManager.release.xcconfig */ = {isa = PBXFileReference; includeInIndex = 1; lastKnownFileType = text.xcconfig; name = "Pods-TomcatManager.release.xcconfig"; path = "Pods/Target Support Files/Pods-TomcatManager/Pods-TomcatManager.release.xcconfig"; sourceTree = "<group>"; };
/* End PBXFileReference section */

/* Begin PBXFrameworksBuildPhase section */
		730630021E8FE4A600556534 /* Frameworks */ = {
			isa = PBXFrameworksBuildPhase;
			buildActionMask = 2147483647;
			files = (
				730630461E9002CB00556534 /* ServiceManagement.framework in Frameworks */,
				E27BCFBE980C73D5A066D4C7 /* Pods_TomcatManager.framework in Frameworks */,
			);
			runOnlyForDeploymentPostprocessing = 0;
		};
		7323EA781E9009BB004CCA6A /* Frameworks */ = {
			isa = PBXFrameworksBuildPhase;
			buildActionMask = 2147483647;
			files = (
				960F90F899E72DB2949B3163 /* Pods_Launcher.framework in Frameworks */,
			);
			runOnlyForDeploymentPostprocessing = 0;
		};
/* End PBXFrameworksBuildPhase section */

/* Begin PBXGroup section */
		5B646F0F148B2DFF458DC1D5 /* Pods */ = {
			isa = PBXGroup;
			children = (
				8C663B22571ABCDFACBD0D5C /* Pods-Launcher.debug.xcconfig */,
				081DD9B7E2BA29ADBE5280FC /* Pods-Launcher.release.xcconfig */,
				60EB941D694FD52FEDB44BCB /* Pods-TomcatManager.debug.xcconfig */,
				C48C47A886A71A23063DD11C /* Pods-TomcatManager.release.xcconfig */,
			);
			name = Pods;
			sourceTree = "<group>";
		};
		73062FFC1E8FE4A600556534 = {
			isa = PBXGroup;
			children = (
				730630071E8FE4A600556534 /* TomcatManager */,
				7323EA7C1E9009BB004CCA6A /* Launcher */,
				730630061E8FE4A600556534 /* Products */,
				730630431E9002C100556534 /* Frameworks */,
				5B646F0F148B2DFF458DC1D5 /* Pods */,
			);
			sourceTree = "<group>";
		};
		730630061E8FE4A600556534 /* Products */ = {
			isa = PBXGroup;
			children = (
				730630051E8FE4A600556534 /* TomcatManager.app */,
				7323EA7B1E9009BB004CCA6A /* Launcher.app */,
			);
			name = Products;
			sourceTree = "<group>";
		};
		730630071E8FE4A600556534 /* TomcatManager */ = {
			isa = PBXGroup;
			children = (
				73808C9C1E92F8DE00F3419C /* functions.h */,
				73808C9D1E92F8DE00F3419C /* functions.m */,
				730630081E8FE4A600556534 /* AppDelegate.swift */,
				7306301F1E8FE7EB00556534 /* functions.swift */,
				730630231E8FECF100556534 /* TomcatManager.swift */,
				7306300C1E8FE4A600556534 /* Assets.xcassets */,
				730630111E8FE4A600556534 /* Info.plist */,
				7306301D1E8FE67200556534 /* main.swift */,
				730630211E8FEA5E00556534 /* constants.swift */,
				73C68E5B1E902842006C8F9F /* PreferencesController.swift */,
				73C68E5C1E902842006C8F9F /* PreferencesController.xib */,
				73C68E5F1E902876006C8F9F /* Preferences.swift */,
				73C68E611E917293006C8F9F /* WebApp.swift */,
				73808C9B1E92F8DD00F3419C /* TomcatManager-Bridging-Header.h */,
				733CBB091E945490000DAC22 /* PomParsingDelegate.swift */,
			);
			path = TomcatManager;
			sourceTree = "<group>";
		};
		730630431E9002C100556534 /* Frameworks */ = {
			isa = PBXGroup;
			children = (
				730630441E9002C100556534 /* ServiceManagement.framework */,
				05F0B74E2A3A9E1A9F8050B0 /* Pods_Launcher.framework */,
				218B35AC161A03824904DF2A /* Pods_TomcatManager.framework */,
			);
			name = Frameworks;
			sourceTree = "<group>";
		};
		7323EA7C1E9009BB004CCA6A /* Launcher */ = {
			isa = PBXGroup;
			children = (
				7323EA7D1E9009BB004CCA6A /* AppDelegate.swift */,
				7323EA811E9009BB004CCA6A /* Assets.xcassets */,
				7323EA831E9009BB004CCA6A /* Main.storyboard */,
				7323EA861E9009BB004CCA6A /* Info.plist */,
			);
			path = Launcher;
			sourceTree = "<group>";
		};
/* End PBXGroup section */

/* Begin PBXNativeTarget section */
		730630041E8FE4A600556534 /* TomcatManager */ = {
			isa = PBXNativeTarget;
			buildConfigurationList = 730630141E8FE4A600556534 /* Build configuration list for PBXNativeTarget "TomcatManager" */;
			buildPhases = (
				80284717AEA656F970D25782 /* [CP] Check Pods Manifest.lock */,
				730630011E8FE4A600556534 /* Sources */,
				730630021E8FE4A600556534 /* Frameworks */,
				730630031E8FE4A600556534 /* Resources */,
				7323EA8A1E9009E6004CCA6A /* CopyFiles */,
				0A5A40E018D4D409A4A931E1 /* [CP] Embed Pods Frameworks */,
				7245A698E2BF11BCE0327F83 /* [CP] Copy Pods Resources */,
			);
			buildRules = (
			);
			dependencies = (
			);
			name = TomcatManager;
			productName = TomcatManager;
			productReference = 730630051E8FE4A600556534 /* TomcatManager.app */;
			productType = "com.apple.product-type.application";
		};
		7323EA7A1E9009BB004CCA6A /* Launcher */ = {
			isa = PBXNativeTarget;
			buildConfigurationList = 7323EA871E9009BB004CCA6A /* Build configuration list for PBXNativeTarget "Launcher" */;
			buildPhases = (
				D4770B865EF35034279BE297 /* [CP] Check Pods Manifest.lock */,
				7323EA771E9009BB004CCA6A /* Sources */,
				7323EA781E9009BB004CCA6A /* Frameworks */,
				7323EA791E9009BB004CCA6A /* Resources */,
				8DBA6560950B2C72D9D72928 /* [CP] Embed Pods Frameworks */,
				20C9DCCE8ED6C608C1AC83DD /* [CP] Copy Pods Resources */,
			);
			buildRules = (
			);
			dependencies = (
			);
			name = Launcher;
			productName = Launcher;
			productReference = 7323EA7B1E9009BB004CCA6A /* Launcher.app */;
			productType = "com.apple.product-type.application";
		};
/* End PBXNativeTarget section */

/* Begin PBXProject section */
		73062FFD1E8FE4A600556534 /* Project object */ = {
			isa = PBXProject;
			attributes = {
				LastSwiftUpdateCheck = 0830;
				LastUpgradeCheck = 0830;
				ORGANIZATIONNAME = "Shad Downey";
				TargetAttributes = {
					730630041E8FE4A600556534 = {
						CreatedOnToolsVersion = 8.3;
						DevelopmentTeam = 6838XAF5Q4;
						LastSwiftMigration = 0830;
						ProvisioningStyle = Automatic;
					};
					7323EA7A1E9009BB004CCA6A = {
						CreatedOnToolsVersion = 8.3;
						DevelopmentTeam = 6838XAF5Q4;
						ProvisioningStyle = Automatic;
					};
				};
			};
			buildConfigurationList = 730630001E8FE4A600556534 /* Build configuration list for PBXProject "TomcatManager" */;
			compatibilityVersion = "Xcode 3.2";
			developmentRegion = English;
			hasScannedForEncodings = 0;
			knownRegions = (
				en,
				Base,
			);
			mainGroup = 73062FFC1E8FE4A600556534;
			productRefGroup = 730630061E8FE4A600556534 /* Products */;
			projectDirPath = "";
			projectRoot = "";
			targets = (
				730630041E8FE4A600556534 /* TomcatManager */,
				7323EA7A1E9009BB004CCA6A /* Launcher */,
			);
		};
/* End PBXProject section */

/* Begin PBXResourcesBuildPhase section */
		730630031E8FE4A600556534 /* Resources */ = {
			isa = PBXResourcesBuildPhase;
			buildActionMask = 2147483647;
			files = (
				73C68E5E1E902842006C8F9F /* PreferencesController.xib in Resources */,
				7306300D1E8FE4A600556534 /* Assets.xcassets in Resources */,
			);
			runOnlyForDeploymentPostprocessing = 0;
		};
		7323EA791E9009BB004CCA6A /* Resources */ = {
			isa = PBXResourcesBuildPhase;
			buildActionMask = 2147483647;
			files = (
				7323EA821E9009BB004CCA6A /* Assets.xcassets in Resources */,
				7323EA851E9009BB004CCA6A /* Main.storyboard in Resources */,
			);
			runOnlyForDeploymentPostprocessing = 0;
		};
/* End PBXResourcesBuildPhase section */

/* Begin PBXShellScriptBuildPhase section */
		0A5A40E018D4D409A4A931E1 /* [CP] Embed Pods Frameworks */ = {
			isa = PBXShellScriptBuildPhase;
			buildActionMask = 2147483647;
			files = (
			);
			inputPaths = (
			);
			name = "[CP] Embed Pods Frameworks";
			outputPaths = (
			);
			runOnlyForDeploymentPostprocessing = 0;
			shellPath = /bin/sh;
			shellScript = "\"${SRCROOT}/Pods/Target Support Files/Pods-TomcatManager/Pods-TomcatManager-frameworks.sh\"\n";
			showEnvVarsInLog = 0;
		};
		20C9DCCE8ED6C608C1AC83DD /* [CP] Copy Pods Resources */ = {
			isa = PBXShellScriptBuildPhase;
			buildActionMask = 2147483647;
			files = (
			);
			inputPaths = (
			);
			name = "[CP] Copy Pods Resources";
			outputPaths = (
			);
			runOnlyForDeploymentPostprocessing = 0;
			shellPath = /bin/sh;
			shellScript = "\"${SRCROOT}/Pods/Target Support Files/Pods-Launcher/Pods-Launcher-resources.sh\"\n";
			showEnvVarsInLog = 0;
		};
		7245A698E2BF11BCE0327F83 /* [CP] Copy Pods Resources */ = {
			isa = PBXShellScriptBuildPhase;
			buildActionMask = 2147483647;
			files = (
			);
			inputPaths = (
			);
			name = "[CP] Copy Pods Resources";
			outputPaths = (
			);
			runOnlyForDeploymentPostprocessing = 0;
			shellPath = /bin/sh;
			shellScript = "\"${SRCROOT}/Pods/Target Support Files/Pods-TomcatManager/Pods-TomcatManager-resources.sh\"\n";
			showEnvVarsInLog = 0;
		};
		80284717AEA656F970D25782 /* [CP] Check Pods Manifest.lock */ = {
			isa = PBXShellScriptBuildPhase;
			buildActionMask = 2147483647;
			files = (
			);
			inputPaths = (
			);
			name = "[CP] Check Pods Manifest.lock";
			outputPaths = (
			);
			runOnlyForDeploymentPostprocessing = 0;
			shellPath = /bin/sh;
			shellScript = "diff \"${PODS_ROOT}/../Podfile.lock\" \"${PODS_ROOT}/Manifest.lock\" > /dev/null\nif [ $? != 0 ] ; then\n    # print error to STDERR\n    echo \"error: The sandbox is not in sync with the Podfile.lock. Run 'pod install' or update your CocoaPods installation.\" >&2\n    exit 1\nfi\n";
			showEnvVarsInLog = 0;
		};
		8DBA6560950B2C72D9D72928 /* [CP] Embed Pods Frameworks */ = {
			isa = PBXShellScriptBuildPhase;
			buildActionMask = 2147483647;
			files = (
			);
			inputPaths = (
			);
			name = "[CP] Embed Pods Frameworks";
			outputPaths = (
			);
			runOnlyForDeploymentPostprocessing = 0;
			shellPath = /bin/sh;
			shellScript = "\"${SRCROOT}/Pods/Target Support Files/Pods-Launcher/Pods-Launcher-frameworks.sh\"\n";
			showEnvVarsInLog = 0;
		};
		D4770B865EF35034279BE297 /* [CP] Check Pods Manifest.lock */ = {
			isa = PBXShellScriptBuildPhase;
			buildActionMask = 2147483647;
			files = (
			);
			inputPaths = (
			);
			name = "[CP] Check Pods Manifest.lock";
			outputPaths = (
			);
			runOnlyForDeploymentPostprocessing = 0;
			shellPath = /bin/sh;
			shellScript = "diff \"${PODS_ROOT}/../Podfile.lock\" \"${PODS_ROOT}/Manifest.lock\" > /dev/null\nif [ $? != 0 ] ; then\n    # print error to STDERR\n    echo \"error: The sandbox is not in sync with the Podfile.lock. Run 'pod install' or update your CocoaPods installation.\" >&2\n    exit 1\nfi\n";
			showEnvVarsInLog = 0;
		};
/* End PBXShellScriptBuildPhase section */

/* Begin PBXSourcesBuildPhase section */
		730630011E8FE4A600556534 /* Sources */ = {
			isa = PBXSourcesBuildPhase;
			buildActionMask = 2147483647;
			files = (
				733CBB0A1E945490000DAC22 /* PomParsingDelegate.swift in Sources */,
				73C68E5D1E902842006C8F9F /* PreferencesController.swift in Sources */,
				73C68E601E902876006C8F9F /* Preferences.swift in Sources */,
				7306301E1E8FE67200556534 /* main.swift in Sources */,
				730630091E8FE4A600556534 /* AppDelegate.swift in Sources */,
				730630241E8FECF100556534 /* TomcatManager.swift in Sources */,
				730630201E8FE7EB00556534 /* functions.swift in Sources */,
				73C68E621E917293006C8F9F /* WebApp.swift in Sources */,
				73808C9E1E92F8DE00F3419C /* functions.m in Sources */,
				730630221E8FEA5E00556534 /* constants.swift in Sources */,
			);
			runOnlyForDeploymentPostprocessing = 0;
		};
		7323EA771E9009BB004CCA6A /* Sources */ = {
			isa = PBXSourcesBuildPhase;
			buildActionMask = 2147483647;
			files = (
				7323EA7E1E9009BB004CCA6A /* AppDelegate.swift in Sources */,
				7323EA8C1E900A9F004CCA6A /* constants.swift in Sources */,
				7323EA8D1E900B18004CCA6A /* functions.swift in Sources */,
			);
			runOnlyForDeploymentPostprocessing = 0;
		};
/* End PBXSourcesBuildPhase section */

/* Begin PBXVariantGroup section */
		7323EA831E9009BB004CCA6A /* Main.storyboard */ = {
			isa = PBXVariantGroup;
			children = (
				7323EA841E9009BB004CCA6A /* Base */,
			);
			name = Main.storyboard;
			sourceTree = "<group>";
		};
/* End PBXVariantGroup section */

/* Begin XCBuildConfiguration section */
		730630121E8FE4A600556534 /* Debug */ = {
			isa = XCBuildConfiguration;
			buildSettings = {
				ALWAYS_SEARCH_USER_PATHS = NO;
				CLANG_ANALYZER_NONNULL = YES;
				CLANG_ANALYZER_NUMBER_OBJECT_CONVERSION = YES_AGGRESSIVE;
				CLANG_CXX_LANGUAGE_STANDARD = "gnu++0x";
				CLANG_CXX_LIBRARY = "libc++";
				CLANG_ENABLE_MODULES = YES;
				CLANG_ENABLE_OBJC_ARC = YES;
				CLANG_WARN_BOOL_CONVERSION = YES;
				CLANG_WARN_CONSTANT_CONVERSION = YES;
				CLANG_WARN_DIRECT_OBJC_ISA_USAGE = YES_ERROR;
				CLANG_WARN_DOCUMENTATION_COMMENTS = YES;
				CLANG_WARN_EMPTY_BODY = YES;
				CLANG_WARN_ENUM_CONVERSION = YES;
				CLANG_WARN_INFINITE_RECURSION = YES;
				CLANG_WARN_INT_CONVERSION = YES;
				CLANG_WARN_OBJC_ROOT_CLASS = YES_ERROR;
				CLANG_WARN_SUSPICIOUS_MOVE = YES;
				CLANG_WARN_UNREACHABLE_CODE = YES;
				CLANG_WARN__DUPLICATE_METHOD_MATCH = YES;
				CODE_SIGN_IDENTITY = "-";
				COPY_PHASE_STRIP = NO;
				DEBUG_INFORMATION_FORMAT = dwarf;
				ENABLE_STRICT_OBJC_MSGSEND = YES;
				ENABLE_TESTABILITY = YES;
				GCC_C_LANGUAGE_STANDARD = gnu99;
				GCC_DYNAMIC_NO_PIC = NO;
				GCC_NO_COMMON_BLOCKS = YES;
				GCC_OPTIMIZATION_LEVEL = 0;
				GCC_PREPROCESSOR_DEFINITIONS = (
					"DEBUG=1",
					"$(inherited)",
				);
				GCC_WARN_64_TO_32_BIT_CONVERSION = YES;
				GCC_WARN_ABOUT_RETURN_TYPE = YES_ERROR;
				GCC_WARN_UNDECLARED_SELECTOR = YES;
				GCC_WARN_UNINITIALIZED_AUTOS = YES_AGGRESSIVE;
				GCC_WARN_UNUSED_FUNCTION = YES;
				GCC_WARN_UNUSED_VARIABLE = YES;
				MACOSX_DEPLOYMENT_TARGET = 10.12;
				MTL_ENABLE_DEBUG_INFO = YES;
				ONLY_ACTIVE_ARCH = YES;
				SDKROOT = macosx;
				SWIFT_ACTIVE_COMPILATION_CONDITIONS = DEBUG;
				SWIFT_OPTIMIZATION_LEVEL = "-Onone";
			};
			name = Debug;
		};
		730630131E8FE4A600556534 /* Release */ = {
			isa = XCBuildConfiguration;
			buildSettings = {
				ALWAYS_SEARCH_USER_PATHS = NO;
				CLANG_ANALYZER_NONNULL = YES;
				CLANG_ANALYZER_NUMBER_OBJECT_CONVERSION = YES_AGGRESSIVE;
				CLANG_CXX_LANGUAGE_STANDARD = "gnu++0x";
				CLANG_CXX_LIBRARY = "libc++";
				CLANG_ENABLE_MODULES = YES;
				CLANG_ENABLE_OBJC_ARC = YES;
				CLANG_WARN_BOOL_CONVERSION = YES;
				CLANG_WARN_CONSTANT_CONVERSION = YES;
				CLANG_WARN_DIRECT_OBJC_ISA_USAGE = YES_ERROR;
				CLANG_WARN_DOCUMENTATION_COMMENTS = YES;
				CLANG_WARN_EMPTY_BODY = YES;
				CLANG_WARN_ENUM_CONVERSION = YES;
				CLANG_WARN_INFINITE_RECURSION = YES;
				CLANG_WARN_INT_CONVERSION = YES;
				CLANG_WARN_OBJC_ROOT_CLASS = YES_ERROR;
				CLANG_WARN_SUSPICIOUS_MOVE = YES;
				CLANG_WARN_UNREACHABLE_CODE = YES;
				CLANG_WARN__DUPLICATE_METHOD_MATCH = YES;
				CODE_SIGN_IDENTITY = "-";
				COPY_PHASE_STRIP = NO;
				DEBUG_INFORMATION_FORMAT = "dwarf-with-dsym";
				ENABLE_NS_ASSERTIONS = NO;
				ENABLE_STRICT_OBJC_MSGSEND = YES;
				GCC_C_LANGUAGE_STANDARD = gnu99;
				GCC_NO_COMMON_BLOCKS = YES;
				GCC_WARN_64_TO_32_BIT_CONVERSION = YES;
				GCC_WARN_ABOUT_RETURN_TYPE = YES_ERROR;
				GCC_WARN_UNDECLARED_SELECTOR = YES;
				GCC_WARN_UNINITIALIZED_AUTOS = YES_AGGRESSIVE;
				GCC_WARN_UNUSED_FUNCTION = YES;
				GCC_WARN_UNUSED_VARIABLE = YES;
				MACOSX_DEPLOYMENT_TARGET = 10.12;
				MTL_ENABLE_DEBUG_INFO = NO;
				SDKROOT = macosx;
				SWIFT_OPTIMIZATION_LEVEL = "-Owholemodule";
			};
			name = Release;
		};
		730630151E8FE4A600556534 /* Debug */ = {
			isa = XCBuildConfiguration;
			baseConfigurationReference = 60EB941D694FD52FEDB44BCB /* Pods-TomcatManager.debug.xcconfig */;
			buildSettings = {
				ALWAYS_EMBED_SWIFT_STANDARD_LIBRARIES = YES;
				ASSETCATALOG_COMPILER_APPICON_NAME = AppIcon;
				CLANG_ENABLE_MODULES = YES;
				COMBINE_HIDPI_IMAGES = YES;
				DEVELOPMENT_TEAM = 6838XAF5Q4;
				INFOPLIST_FILE = TomcatManager/Info.plist;
				LD_RUNPATH_SEARCH_PATHS = "$(inherited) @executable_path/../Frameworks";
				PRODUCT_BUNDLE_IDENTIFIER = com.shaddowney.TomcatManager;
				PRODUCT_NAME = "$(TARGET_NAME)";
				SWIFT_OBJC_BRIDGING_HEADER = "TomcatManager/TomcatManager-Bridging-Header.h";
				SWIFT_OPTIMIZATION_LEVEL = "-Onone";
				SWIFT_VERSION = 3.0;
			};
			name = Debug;
		};
		730630161E8FE4A600556534 /* Release */ = {
			isa = XCBuildConfiguration;
			baseConfigurationReference = C48C47A886A71A23063DD11C /* Pods-TomcatManager.release.xcconfig */;
			buildSettings = {
				ALWAYS_EMBED_SWIFT_STANDARD_LIBRARIES = YES;
				ASSETCATALOG_COMPILER_APPICON_NAME = AppIcon;
				CLANG_ENABLE_MODULES = YES;
				COMBINE_HIDPI_IMAGES = YES;
				DEVELOPMENT_TEAM = 6838XAF5Q4;
				INFOPLIST_FILE = TomcatManager/Info.plist;
				LD_RUNPATH_SEARCH_PATHS = "$(inherited) @executable_path/../Frameworks";
				PRODUCT_BUNDLE_IDENTIFIER = com.shaddowney.TomcatManager;
				PRODUCT_NAME = "$(TARGET_NAME)";
				SWIFT_OBJC_BRIDGING_HEADER = "TomcatManager/TomcatManager-Bridging-Header.h";
				SWIFT_VERSION = 3.0;
			};
			name = Release;
		};
		7323EA881E9009BB004CCA6A /* Debug */ = {
			isa = XCBuildConfiguration;
			baseConfigurationReference = 8C663B22571ABCDFACBD0D5C /* Pods-Launcher.debug.xcconfig */;
			buildSettings = {
				ASSETCATALOG_COMPILER_APPICON_NAME = AppIcon;
				COMBINE_HIDPI_IMAGES = YES;
				DEVELOPMENT_TEAM = 6838XAF5Q4;
				INFOPLIST_FILE = Launcher/Info.plist;
				LD_RUNPATH_SEARCH_PATHS = "$(inherited) @executable_path/../Frameworks";
				PRODUCT_BUNDLE_IDENTIFIER = com.shaddowney.Launcher;
				PRODUCT_NAME = "$(TARGET_NAME)";
				SKIP_INSTALL = YES;
				SWIFT_VERSION = 3.0;
			};
			name = Debug;
		};
		7323EA891E9009BB004CCA6A /* Release */ = {
			isa = XCBuildConfiguration;
			baseConfigurationReference = 081DD9B7E2BA29ADBE5280FC /* Pods-Launcher.release.xcconfig */;
			buildSettings = {
				ASSETCATALOG_COMPILER_APPICON_NAME = AppIcon;
				COMBINE_HIDPI_IMAGES = YES;
				DEVELOPMENT_TEAM = 6838XAF5Q4;
				INFOPLIST_FILE = Launcher/Info.plist;
				LD_RUNPATH_SEARCH_PATHS = "$(inherited) @executable_path/../Frameworks";
				PRODUCT_BUNDLE_IDENTIFIER = com.shaddowney.Launcher;
				PRODUCT_NAME = "$(TARGET_NAME)";
				SKIP_INSTALL = YES;
				SWIFT_VERSION = 3.0;
			};
			name = Release;
		};
/* End XCBuildConfiguration section */

/* Begin XCConfigurationList section */
		730630001E8FE4A600556534 /* Build configuration list for PBXProject "TomcatManager" */ = {
			isa = XCConfigurationList;
			buildConfigurations = (
				730630121E8FE4A600556534 /* Debug */,
				730630131E8FE4A600556534 /* Release */,
			);
			defaultConfigurationIsVisible = 0;
			defaultConfigurationName = Release;
		};
		730630141E8FE4A600556534 /* Build configuration list for PBXNativeTarget "TomcatManager" */ = {
			isa = XCConfigurationList;
			buildConfigurations = (
				730630151E8FE4A600556534 /* Debug */,
				730630161E8FE4A600556534 /* Release */,
			);
			defaultConfigurationIsVisible = 0;
			defaultConfigurationName = Release;
		};
		7323EA871E9009BB004CCA6A /* Build configuration list for PBXNativeTarget "Launcher" */ = {
			isa = XCConfigurationList;
			buildConfigurations = (
				7323EA881E9009BB004CCA6A /* Debug */,
				7323EA891E9009BB004CCA6A /* Release */,
			);
			defaultConfigurationIsVisible = 0;
			defaultConfigurationName = Release;
		};
/* End XCConfigurationList section */
	};
	rootObject = 73062FFD1E8FE4A600556534 /* Project object */;
}
