// !$*UTF8*$!
{
	archiveVersion = 1;
	classes = {
	};
	objectVersion = 46;
	objects = {

/* Begin PBXBuildFile section */
		732B94F11E8EF7EB0053616D /* AppDelegate.swift in Sources */ = {isa = PBXBuildFile; fileRef = 732B94F01E8EF7EB0053616D /* AppDelegate.swift */; };
		732B94F31E8EF7EB0053616D /* Assets.xcassets in Resources */ = {isa = PBXBuildFile; fileRef = 732B94F21E8EF7EB0053616D /* Assets.xcassets */; };
		732B94F61E8EF7EB0053616D /* MainMenu.xib in Resources */ = {isa = PBXBuildFile; fileRef = 732B94F41E8EF7EB0053616D /* MainMenu.xib */; };
/* End PBXBuildFile section */

/* Begin PBXFileReference section */
		732B94ED1E8EF7EB0053616D /* TomcatManager.app */ = {isa = PBXFileReference; explicitFileType = wrapper.application; includeInIndex = 0; path = TomcatManager.app; sourceTree = BUILT_PRODUCTS_DIR; };
		732B94F01E8EF7EB0053616D /* AppDelegate.swift */ = {isa = PBXFileReference; lastKnownFileType = sourcecode.swift; path = AppDelegate.swift; sourceTree = "<group>"; };
		732B94F21E8EF7EB0053616D /* Assets.xcassets */ = {isa = PBXFileReference; lastKnownFileType = folder.assetcatalog; path = Assets.xcassets; sourceTree = "<group>"; };
		732B94F51E8EF7EB0053616D /* Base */ = {isa = PBXFileReference; lastKnownFileType = file.xib; name = Base; path = Base.lproj/MainMenu.xib; sourceTree = "<group>"; };
		732B94F71E8EF7EB0053616D /* Info.plist */ = {isa = PBXFileReference; lastKnownFileType = text.plist.xml; path = Info.plist; sourceTree = "<group>"; };
/* End PBXFileReference section */

/* Begin PBXFrameworksBuildPhase section */
		732B94EA1E8EF7EB0053616D /* Frameworks */ = {
			isa = PBXFrameworksBuildPhase;
			buildActionMask = 2147483647;
			files = (
			);
			runOnlyForDeploymentPostprocessing = 0;
		};
/* End PBXFrameworksBuildPhase section */

/* Begin PBXGroup section */
		732B94E41E8EF7EB0053616D = {
			isa = PBXGroup;
			children = (
				732B94EF1E8EF7EB0053616D /* TomcatManager */,
				732B94EE1E8EF7EB0053616D /* Products */,
			);
			sourceTree = "<group>";
		};
		732B94EE1E8EF7EB0053616D /* Products */ = {
			isa = PBXGroup;
			children = (
				732B94ED1E8EF7EB0053616D /* TomcatManager.app */,
			);
			name = Products;
			sourceTree = "<group>";
		};
		732B94EF1E8EF7EB0053616D /* TomcatManager */ = {
			isa = PBXGroup;
			children = (
				732B94F01E8EF7EB0053616D /* AppDelegate.swift */,
				732B94F21E8EF7EB0053616D /* Assets.xcassets */,
				732B94F41E8EF7EB0053616D /* MainMenu.xib */,
				732B94F71E8EF7EB0053616D /* Info.plist */,
			);
			path = TomcatManager;
			sourceTree = "<group>";
		};
/* End PBXGroup section */

/* Begin PBXNativeTarget section */
		732B94EC1E8EF7EB0053616D /* TomcatManager */ = {
			isa = PBXNativeTarget;
			buildConfigurationList = 732B94FA1E8EF7EB0053616D /* Build configuration list for PBXNativeTarget "TomcatManager" */;
			buildPhases = (
				732B94E91E8EF7EB0053616D /* Sources */,
				732B94EA1E8EF7EB0053616D /* Frameworks */,
				732B94EB1E8EF7EB0053616D /* Resources */,
			);
			buildRules = (
			);
			dependencies = (
			);
			name = TomcatManager;
			productName = TomcatManager;
			productReference = 732B94ED1E8EF7EB0053616D /* TomcatManager.app */;
			productType = "com.apple.product-type.application";
		};
/* End PBXNativeTarget section */

/* Begin PBXProject section */
		732B94E51E8EF7EB0053616D /* Project object */ = {
			isa = PBXProject;
			attributes = {
				LastSwiftUpdateCheck = 0820;
				LastUpgradeCheck = 0820;
				ORGANIZATIONNAME = "Shad Downey";
				TargetAttributes = {
					732B94EC1E8EF7EB0053616D = {
						CreatedOnToolsVersion = 8.2.1;
						DevelopmentTeam = KTWP79UZ95;
						ProvisioningStyle = Automatic;
					};
				};
			};
			buildConfigurationList = 732B94E81E8EF7EB0053616D /* Build configuration list for PBXProject "TomcatManager" */;
			compatibilityVersion = "Xcode 3.2";
			developmentRegion = English;
			hasScannedForEncodings = 0;
			knownRegions = (
				en,
				Base,
			);
			mainGroup = 732B94E41E8EF7EB0053616D;
			productRefGroup = 732B94EE1E8EF7EB0053616D /* Products */;
			projectDirPath = "";
			projectRoot = "";
			targets = (
				732B94EC1E8EF7EB0053616D /* TomcatManager */,
			);
		};
/* End PBXProject section */

/* Begin PBXResourcesBuildPhase section */
		732B94EB1E8EF7EB0053616D /* Resources */ = {
			isa = PBXResourcesBuildPhase;
			buildActionMask = 2147483647;
			files = (
				732B94F31E8EF7EB0053616D /* Assets.xcassets in Resources */,
				732B94F61E8EF7EB0053616D /* MainMenu.xib in Resources */,
			);
			runOnlyForDeploymentPostprocessing = 0;
		};
/* End PBXResourcesBuildPhase section */

/* Begin PBXSourcesBuildPhase section */
		732B94E91E8EF7EB0053616D /* Sources */ = {
			isa = PBXSourcesBuildPhase;
			buildActionMask = 2147483647;
			files = (
				732B94F11E8EF7EB0053616D /* AppDelegate.swift in Sources */,
			);
			runOnlyForDeploymentPostprocessing = 0;
		};
/* End PBXSourcesBuildPhase section */

/* Begin PBXVariantGroup section */
		732B94F41E8EF7EB0053616D /* MainMenu.xib */ = {
			isa = PBXVariantGroup;
			children = (
				732B94F51E8EF7EB0053616D /* Base */,
			);
			name = MainMenu.xib;
			sourceTree = "<group>";
		};
/* End PBXVariantGroup section */

/* Begin XCBuildConfiguration section */
		732B94F81E8EF7EB0053616D /* Debug */ = {
			isa = XCBuildConfiguration;
			buildSettings = {
				ALWAYS_SEARCH_USER_PATHS = NO;
				CLANG_ANALYZER_NONNULL = YES;
				CLANG_CXX_LANGUAGE_STANDARD = "gnu++0x";
				CLANG_CXX_LIBRARY = "libc++";
				CLANG_ENABLE_MODULES = YES;
				CLANG_ENABLE_OBJC_ARC = YES;
				CLANG_WARN_BOOL_CONVERSION = YES;
				CLANG_WARN_CONSTANT_CONVERSION = YES;
				CLANG_WARN_DIRECT_OBJC_ISA_USAGE = YES_ERROR;
				CLANG_WARN_DOCUMENTATION_COMMENTS = YES;
				CLANG_WARN_EMPTY_BODY = YES;
				CLANG_WARN_ENUM_CONVERSION = YES;
				CLANG_WARN_INFINITE_RECURSION = YES;
				CLANG_WARN_INT_CONVERSION = YES;
				CLANG_WARN_OBJC_ROOT_CLASS = YES_ERROR;
				CLANG_WARN_SUSPICIOUS_MOVE = YES;
				CLANG_WARN_UNREACHABLE_CODE = YES;
				CLANG_WARN__DUPLICATE_METHOD_MATCH = YES;
				CODE_SIGN_IDENTITY = "-";
				COPY_PHASE_STRIP = NO;
				DEBUG_INFORMATION_FORMAT = dwarf;
				ENABLE_STRICT_OBJC_MSGSEND = YES;
				ENABLE_TESTABILITY = YES;
				GCC_C_LANGUAGE_STANDARD = gnu99;
				GCC_DYNAMIC_NO_PIC = NO;
				GCC_NO_COMMON_BLOCKS = YES;
				GCC_OPTIMIZATION_LEVEL = 0;
				GCC_PREPROCESSOR_DEFINITIONS = (
					"DEBUG=1",
					"$(inherited)",
				);
				GCC_WARN_64_TO_32_BIT_CONVERSION = YES;
				GCC_WARN_ABOUT_RETURN_TYPE = YES_ERROR;
				GCC_WARN_UNDECLARED_SELECTOR = YES;
				GCC_WARN_UNINITIALIZED_AUTOS = YES_AGGRESSIVE;
				GCC_WARN_UNUSED_FUNCTION = YES;
				GCC_WARN_UNUSED_VARIABLE = YES;
				MACOSX_DEPLOYMENT_TARGET = 10.12;
				MTL_ENABLE_DEBUG_INFO = YES;
				ONLY_ACTIVE_ARCH = YES;
				SDKROOT = macosx;
				SWIFT_ACTIVE_COMPILATION_CONDITIONS = DEBUG;
				SWIFT_OPTIMIZATION_LEVEL = "-Onone";
			};
			name = Debug;
		};
		732B94F91E8EF7EB0053616D /* Release */ = {
			isa = XCBuildConfiguration;
			buildSettings = {
				ALWAYS_SEARCH_USER_PATHS = NO;
				CLANG_ANALYZER_NONNULL = YES;
				CLANG_CXX_LANGUAGE_STANDARD = "gnu++0x";
				CLANG_CXX_LIBRARY = "libc++";
				CLANG_ENABLE_MODULES = YES;
				CLANG_ENABLE_OBJC_ARC = YES;
				CLANG_WARN_BOOL_CONVERSION = YES;
				CLANG_WARN_CONSTANT_CONVERSION = YES;
				CLANG_WARN_DIRECT_OBJC_ISA_USAGE = YES_ERROR;
				CLANG_WARN_DOCUMENTATION_COMMENTS = YES;
				CLANG_WARN_EMPTY_BODY = YES;
				CLANG_WARN_ENUM_CONVERSION = YES;
				CLANG_WARN_INFINITE_RECURSION = YES;
				CLANG_WARN_INT_CONVERSION = YES;
				CLANG_WARN_OBJC_ROOT_CLASS = YES_ERROR;
				CLANG_WARN_SUSPICIOUS_MOVE = YES;
				CLANG_WARN_UNREACHABLE_CODE = YES;
				CLANG_WARN__DUPLICATE_METHOD_MATCH = YES;
				CODE_SIGN_IDENTITY = "-";
				COPY_PHASE_STRIP = NO;
				DEBUG_INFORMATION_FORMAT = "dwarf-with-dsym";
				ENABLE_NS_ASSERTIONS = NO;
				ENABLE_STRICT_OBJC_MSGSEND = YES;
				GCC_C_LANGUAGE_STANDARD = gnu99;
				GCC_NO_COMMON_BLOCKS = YES;
				GCC_WARN_64_TO_32_BIT_CONVERSION = YES;
				GCC_WARN_ABOUT_RETURN_TYPE = YES_ERROR;
				GCC_WARN_UNDECLARED_SELECTOR = YES;
				GCC_WARN_UNINITIALIZED_AUTOS = YES_AGGRESSIVE;
				GCC_WARN_UNUSED_FUNCTION = YES;
				GCC_WARN_UNUSED_VARIABLE = YES;
				MACOSX_DEPLOYMENT_TARGET = 10.12;
				MTL_ENABLE_DEBUG_INFO = NO;
				SDKROOT = macosx;
				SWIFT_OPTIMIZATION_LEVEL = "-Owholemodule";
			};
			name = Release;
		};
		732B94FB1E8EF7EB0053616D /* Debug */ = {
			isa = XCBuildConfiguration;
			buildSettings = {
				ASSETCATALOG_COMPILER_APPICON_NAME = AppIcon;
				COMBINE_HIDPI_IMAGES = YES;
				DEVELOPMENT_TEAM = KTWP79UZ95;
				INFOPLIST_FILE = TomcatManager/Info.plist;
				LD_RUNPATH_SEARCH_PATHS = "$(inherited) @executable_path/../Frameworks";
				PRODUCT_BUNDLE_IDENTIFIER = com.1stdibs.utils.TomcatManager;
				PRODUCT_NAME = "$(TARGET_NAME)";
				SWIFT_VERSION = 3.0;
			};
			name = Debug;
		};
		732B94FC1E8EF7EB0053616D /* Release */ = {
			isa = XCBuildConfiguration;
			buildSettings = {
				ASSETCATALOG_COMPILER_APPICON_NAME = AppIcon;
				COMBINE_HIDPI_IMAGES = YES;
				DEVELOPMENT_TEAM = KTWP79UZ95;
				INFOPLIST_FILE = TomcatManager/Info.plist;
				LD_RUNPATH_SEARCH_PATHS = "$(inherited) @executable_path/../Frameworks";
				PRODUCT_BUNDLE_IDENTIFIER = com.1stdibs.utils.TomcatManager;
				PRODUCT_NAME = "$(TARGET_NAME)";
				SWIFT_VERSION = 3.0;
			};
			name = Release;
		};
/* End XCBuildConfiguration section */

/* Begin XCConfigurationList section */
		732B94E81E8EF7EB0053616D /* Build configuration list for PBXProject "TomcatManager" */ = {
			isa = XCConfigurationList;
			buildConfigurations = (
				732B94F81E8EF7EB0053616D /* Debug */,
				732B94F91E8EF7EB0053616D /* Release */,
			);
			defaultConfigurationIsVisible = 0;
			defaultConfigurationName = Release;
		};
		732B94FA1E8EF7EB0053616D /* Build configuration list for PBXNativeTarget "TomcatManager" */ = {
			isa = XCConfigurationList;
			buildConfigurations = (
				732B94FB1E8EF7EB0053616D /* Debug */,
				732B94FC1E8EF7EB0053616D /* Release */,
			);
			defaultConfigurationIsVisible = 0;
		};
/* End XCConfigurationList section */
	};
	rootObject = 732B94E51E8EF7EB0053616D /* Project object */;
}
